
Microsoft Visual Studio Solution File, Format Version 12.00
# Visual Studio Version 17
VisualStudioVersion = 17.9.34607.119
MinimumVisualStudioVersion = 10.0.40219.1
Project("{FAE04EC0-301F-11D3-BF4B-00C04F79EFBC}") = "WebApi", "WebApi\WebApi.csproj", "{EF413DC6-F8C3-49E9-9335-CF4040FE2161}"
EndProject
Project("{FAE04EC0-301F-11D3-BF4B-00C04F79EFBC}") = "Entities", "Entities\Entities.csproj", "{F481DAA7-C8DA-4642-B54A-53C3D2F58E45}"
EndProject
Project("{FAE04EC0-301F-11D3-BF4B-00C04F79EFBC}") = "DataAccess", "DataAccess\DataAccess.csproj", "{71A5CC2A-DC1F-4720-ADA0-580A71F63FC4}"
EndProject
Project("{FAE04EC0-301F-11D3-BF4B-00C04F79EFBC}") = "Core", "Core\Core.csproj", "{94CC3BD4-3E64-4E79-9366-FBB7B9EED503}"
EndProject
Project("{FAE04EC0-301F-11D3-BF4B-00C04F79EFBC}") = "Business", "Business\Business.csproj", "{65C6BD30-AC68-40E4-B007-5C524CD6B9EA}"
EndProject
Global
	GlobalSection(SolutionConfigurationPlatforms) = preSolution
		Debug|Any CPU = Debug|Any CPU
		Release|Any CPU = Release|Any CPU
	EndGlobalSection
	GlobalSection(ProjectConfigurationPlatforms) = postSolution
		{EF413DC6-F8C3-49E9-9335-CF4040FE2161}.Debug|Any CPU.ActiveCfg = Debug|Any CPU
		{EF413DC6-F8C3-49E9-9335-CF4040FE2161}.Debug|Any CPU.Build.0 = Debug|Any CPU
		{EF413DC6-F8C3-49E9-9335-CF4040FE2161}.Release|Any CPU.ActiveCfg = Release|Any CPU
		{EF413DC6-F8C3-49E9-9335-CF4040FE2161}.Release|Any CPU.Build.0 = Release|Any CPU
		{F481DAA7-C8DA-4642-B54A-53C3D2F58E45}.Debug|Any CPU.ActiveCfg = Debug|Any CPU
		{F481DAA7-C8DA-4642-B54A-53C3D2F58E45}.Debug|Any CPU.Build.0 = Debug|Any CPU
		{F481DAA7-C8DA-4642-B54A-53C3D2F58E45}.Release|Any CPU.ActiveCfg = Release|Any CPU
		{F481DAA7-C8DA-4642-B54A-53C3D2F58E45}.Release|Any CPU.Build.0 = Release|Any CPU
		{71A5CC2A-DC1F-4720-ADA0-580A71F63FC4}.Debug|Any CPU.ActiveCfg = Debug|Any CPU
		{71A5CC2A-DC1F-4720-ADA0-580A71F63FC4}.Debug|Any CPU.Build.0 = Debug|Any CPU
		{71A5CC2A-DC1F-4720-ADA0-580A71F63FC4}.Release|Any CPU.ActiveCfg = Release|Any CPU
		{71A5CC2A-DC1F-4720-ADA0-580A71F63FC4}.Release|Any CPU.Build.0 = Release|Any CPU
		{94CC3BD4-3E64-4E79-9366-FBB7B9EED503}.Debug|Any CPU.ActiveCfg = Debug|Any CPU
		{94CC3BD4-3E64-4E79-9366-FBB7B9EED503}.Debug|Any CPU.Build.0 = Debug|Any CPU
		{94CC3BD4-3E64-4E79-9366-FBB7B9EED503}.Release|Any CPU.ActiveCfg = Release|Any CPU
		{94CC3BD4-3E64-4E79-9366-FBB7B9EED503}.Release|Any CPU.Build.0 = Release|Any CPU
		{65C6BD30-AC68-40E4-B007-5C524CD6B9EA}.Debug|Any CPU.ActiveCfg = Debug|Any CPU
		{65C6BD30-AC68-40E4-B007-5C524CD6B9EA}.Debug|Any CPU.Build.0 = Debug|Any CPU
		{65C6BD30-AC68-40E4-B007-5C524CD6B9EA}.Release|Any CPU.ActiveCfg = Release|Any CPU
		{65C6BD30-AC68-40E4-B007-5C524CD6B9EA}.Release|Any CPU.Build.0 = Release|Any CPU
	EndGlobalSection
	GlobalSection(SolutionProperties) = preSolution
		HideSolutionNode = FALSE
	EndGlobalSection
	GlobalSection(ExtensibilityGlobals) = postSolution
		SolutionGuid = {04CB6FD5-B29D-48AA-970B-0EAA6BA35737}
	EndGlobalSection
EndGlobal
